Microsoft Visual Studio Solution File, Format Version 12.00
# Visual Studio 15
VisualStudioVersion = 15.0.26228.4
MinimumVisualStudioVersion = 10.0.40219.1
Project("{FAE04EC0-301F-11D3-BF4B-00C04F79EFBC}") = "Hueliday", "Hueliday\Hueliday.csproj", "{2BC10DB3-A38E-455F-86AD-5547AD466DEC}"
EndProject
Project("{FAE04EC0-301F-11D3-BF4B-00C04F79EFBC}") = "Hueliday.Tests", "Hueliday.Tests\Hueliday.Tests.csproj", "{0ADB2B3C-25EA-4CB8-8FC4-A98937C6848A}"
EndProject
Project("{E53339B2-1760-4266-BCC7-CA923CBCF16C}") = "docker-compose", "docker-compose.dcproj", "{722D92BC-A9C0-4D7A-8819-1526B4CFA645}"
EndProject
Global
	GlobalSection(SolutionConfigurationPlatforms) = preSolution
		Debug|Any CPU = Debug|Any CPU
		Release|Any CPU = Release|Any CPU
	EndGlobalSection
	GlobalSection(ProjectConfigurationPlatforms) = postSolution
		{2BC10DB3-A38E-455F-86AD-5547AD466DEC}.Debug|Any CPU.ActiveCfg = Debug|Any CPU
		{2BC10DB3-A38E-455F-86AD-5547AD466DEC}.Debug|Any CPU.Build.0 = Debug|Any CPU
		{2BC10DB3-A38E-455F-86AD-5547AD466DEC}.Release|Any CPU.ActiveCfg = Release|Any CPU
		{2BC10DB3-A38E-455F-86AD-5547AD466DEC}.Release|Any CPU.Build.0 = Release|Any CPU
		{0ADB2B3C-25EA-4CB8-8FC4-A98937C6848A}.Debug|Any CPU.ActiveCfg = Debug|Any CPU
		{0ADB2B3C-25EA-4CB8-8FC4-A98937C6848A}.Debug|Any CPU.Build.0 = Debug|Any CPU
		{0ADB2B3C-25EA-4CB8-8FC4-A98937C6848A}.Release|Any CPU.ActiveCfg = Release|Any CPU
		{0ADB2B3C-25EA-4CB8-8FC4-A98937C6848A}.Release|Any CPU.Build.0 = Release|Any CPU
		{722D92BC-A9C0-4D7A-8819-1526B4CFA645}.Debug|Any CPU.ActiveCfg = Debug|Any CPU
		{722D92BC-A9C0-4D7A-8819-1526B4CFA645}.Debug|Any CPU.Build.0 = Debug|Any CPU
		{722D92BC-A9C0-4D7A-8819-1526B4CFA645}.Release|Any CPU.ActiveCfg = Release|Any CPU
		{722D92BC-A9C0-4D7A-8819-1526B4CFA645}.Release|Any CPU.Build.0 = Release|Any CPU
	EndGlobalSection
	GlobalSection(SolutionProperties) = preSolution
		HideSolutionNode = FALSE
	EndGlobalSection
EndGlobal
